Microsoft Visual Studio Solution File, Format Version 12.00
# Visual Studio Version 17
VisualStudioVersion = 17.8.0.0
MinimumVisualStudioVersion = 17.8.0.0
Project("{9A19103F-16F7-4668-BE54-9A1E7A4F7556}") = "Booky.AppHost", "Booky.AppHost\Booky.AppHost.csproj", "{A45C3FED-768C-4CF5-B5E7-82EEF43A5F69}"
EndProject
Project("{9A19103F-16F7-4668-BE54-9A1E7A4F7556}") = "Booky.ServiceDefaults", "Booky.ServiceDefaults\Booky.ServiceDefaults.csproj", "{17F273E3-9094-4286-BB73-280B9F5E8B65}"
EndProject
Project("{9A19103F-16F7-4668-BE54-9A1E7A4F7556}") = "Booky.ApiService", "Booky.ApiService\Booky.ApiService.csproj", "{C91977D0-717F-43FD-9D6C-EA4F610F1AD5}"
EndProject
Project("{9A19103F-16F7-4668-BE54-9A1E7A4F7556}") = "Booky.Web", "Booky.Web\Booky.Web.csproj", "{1F13A2D7-EBCE-471B-97C9-E228C881B572}"
EndProject
Global
	GlobalSection(SolutionConfigurationPlatforms) = preSolution
		Debug|Any CPU = Debug|Any CPU
		Release|Any CPU = Release|Any CPU
	EndGlobalSection
	GlobalSection(ProjectConfigurationPlatforms) = postSolution
		{A45C3FED-768C-4CF5-B5E7-82EEF43A5F69}.Debug|Any CPU.ActiveCfg = Debug|Any CPU
		{A45C3FED-768C-4CF5-B5E7-82EEF43A5F69}.Debug|Any CPU.Build.0 = Debug|Any CPU
		{A45C3FED-768C-4CF5-B5E7-82EEF43A5F69}.Release|Any CPU.ActiveCfg = Release|Any CPU
		{A45C3FED-768C-4CF5-B5E7-82EEF43A5F69}.Release|Any CPU.Build.0 = Release|Any CPU
		{17F273E3-9094-4286-BB73-280B9F5E8B65}.Debug|Any CPU.ActiveCfg = Debug|Any CPU
		{17F273E3-9094-4286-BB73-280B9F5E8B65}.Debug|Any CPU.Build.0 = Debug|Any CPU
		{17F273E3-9094-4286-BB73-280B9F5E8B65}.Release|Any CPU.ActiveCfg = Release|Any CPU
		{17F273E3-9094-4286-BB73-280B9F5E8B65}.Release|Any CPU.Build.0 = Release|Any CPU
		{C91977D0-717F-43FD-9D6C-EA4F610F1AD5}.Debug|Any CPU.ActiveCfg = Debug|Any CPU
		{C91977D0-717F-43FD-9D6C-EA4F610F1AD5}.Debug|Any CPU.Build.0 = Debug|Any CPU
		{C91977D0-717F-43FD-9D6C-EA4F610F1AD5}.Release|Any CPU.ActiveCfg = Release|Any CPU
		{C91977D0-717F-43FD-9D6C-EA4F610F1AD5}.Release|Any CPU.Build.0 = Release|Any CPU
		{1F13A2D7-EBCE-471B-97C9-E228C881B572}.Debug|Any CPU.ActiveCfg = Debug|Any CPU
		{1F13A2D7-EBCE-471B-97C9-E228C881B572}.Debug|Any CPU.Build.0 = Debug|Any CPU
		{1F13A2D7-EBCE-471B-97C9-E228C881B572}.Release|Any CPU.ActiveCfg = Release|Any CPU
		{1F13A2D7-EBCE-471B-97C9-E228C881B572}.Release|Any CPU.Build.0 = Release|Any CPU
	EndGlobalSection
	GlobalSection(SolutionProperties) = preSolution
		HideSolutionNode = FALSE
	EndGlobalSection
	GlobalSection(ExtensibilityGlobals) = postSolution
		SolutionGuid = {6858CBAE-6D6F-47A1-8E91-285A173891B8}
	EndGlobalSection
EndGlobal
